
Microsoft Visual Studio Solution File, Format Version 12.00
# Visual Studio 15
VisualStudioVersion = 15.0.27130.2010
MinimumVisualStudioVersion = 10.0.40219.1
Project("{9A19103F-16F7-4668-BE54-9A1E7A4F7556}") = "PetQuote.Web", "Trupanion.Test.Solution\PetQuote.Web.csproj", "{DD61202D-0D9F-422C-A703-5E99249853CA}"
EndProject
Project("{9A19103F-16F7-4668-BE54-9A1E7A4F7556}") = "PetQuote.Models", "Trupanion.Test.Models\PetQuote.Models.csproj", "{47EE7FF6-A66B-472D-AD6B-A5139791B291}"
EndProject
Project("{9A19103F-16F7-4668-BE54-9A1E7A4F7556}") = "PetQuote.AppServices", "Trupanion.Test.AppServices\PetQuote.AppServices.csproj", "{893652E1-6A48-4C20-9498-03D58A3EADDE}"
EndProject
Global
	GlobalSection(SolutionConfigurationPlatforms) = preSolution
		Debug|Any CPU = Debug|Any CPU
		Release|Any CPU = Release|Any CPU
	EndGlobalSection
	GlobalSection(ProjectConfigurationPlatforms) = postSolution
		{DD61202D-0D9F-422C-A703-5E99249853CA}.Debug|Any CPU.ActiveCfg = Debug|Any CPU
		{DD61202D-0D9F-422C-A703-5E99249853CA}.Debug|Any CPU.Build.0 = Debug|Any CPU
		{DD61202D-0D9F-422C-A703-5E99249853CA}.Release|Any CPU.ActiveCfg = Release|Any CPU
		{DD61202D-0D9F-422C-A703-5E99249853CA}.Release|Any CPU.Build.0 = Release|Any CPU
		{47EE7FF6-A66B-472D-AD6B-A5139791B291}.Debug|Any CPU.ActiveCfg = Debug|Any CPU
		{47EE7FF6-A66B-472D-AD6B-A5139791B291}.Debug|Any CPU.Build.0 = Debug|Any CPU
		{47EE7FF6-A66B-472D-AD6B-A5139791B291}.Release|Any CPU.ActiveCfg = Release|Any CPU
		{47EE7FF6-A66B-472D-AD6B-A5139791B291}.Release|Any CPU.Build.0 = Release|Any CPU
		{893652E1-6A48-4C20-9498-03D58A3EADDE}.Debug|Any CPU.ActiveCfg = Debug|Any CPU
		{893652E1-6A48-4C20-9498-03D58A3EADDE}.Debug|Any CPU.Build.0 = Debug|Any CPU
		{893652E1-6A48-4C20-9498-03D58A3EADDE}.Release|Any CPU.ActiveCfg = Release|Any CPU
		{893652E1-6A48-4C20-9498-03D58A3EADDE}.Release|Any CPU.Build.0 = Release|Any CPU
	EndGlobalSection
	GlobalSection(SolutionProperties) = preSolution
		HideSolutionNode = FALSE
	EndGlobalSection
	GlobalSection(ExtensibilityGlobals) = postSolution
		SolutionGuid = {BB9013C1-F339-4FBA-96B5-19DA5EF2015A}
	EndGlobalSection
EndGlobal
